
Microsoft Visual Studio Solution File, Format Version 12.00
# Visual Studio 2013
VisualStudioVersion = 12.0.31101.0
MinimumVisualStudioVersion = 10.0.40219.1
Project("{FAE04EC0-301F-11D3-BF4B-00C04F79EFBC}") = "RedCell.App.Graphics.SlideScan", "RedCell.App.Graphics.SlideScan\RedCell.App.Graphics.SlideScan.csproj", "{953383A2-2AE2-4FA1-9E13-5DFCB29504AD}"
EndProject
Project("{FAE04EC0-301F-11D3-BF4B-00C04F79EFBC}") = "CameraControl.Devices", "..\digiCamControl\CameraControl.Devices\CameraControl.Devices.csproj", "{E8572D8B-C987-4D20-BD88-1F8925A64A82}"
EndProject
Project("{FAE04EC0-301F-11D3-BF4B-00C04F79EFBC}") = "PortableDeviceLib", "..\digiCamControl\PortableDeviceLib\PortableDeviceLib.csproj", "{E9F048C1-C6A0-4CCD-BE57-4E76A7F8B32D}"
EndProject
Project("{FAE04EC0-301F-11D3-BF4B-00C04F79EFBC}") = "Canon.Eos.Framework", "..\digiCamControl\Canon.Eos.Framework\Canon.Eos.Framework.csproj", "{F809DBB6-E0E8-47A8-92ED-C24575576A5D}"
EndProject
Global
	GlobalSection(SolutionConfigurationPlatforms) = preSolution
		Debug|Any CPU = Debug|Any CPU
		Debug|x64 = Debug|x64
		Debug|x86 = Debug|x86
		Release|Any CPU = Release|Any CPU
		Release|x64 = Release|x64
		Release|x86 = Release|x86
	EndGlobalSection
	GlobalSection(ProjectConfigurationPlatforms) = postSolution
		{953383A2-2AE2-4FA1-9E13-5DFCB29504AD}.Debug|Any CPU.ActiveCfg = Debug|Any CPU
		{953383A2-2AE2-4FA1-9E13-5DFCB29504AD}.Debug|Any CPU.Build.0 = Debug|Any CPU
		{953383A2-2AE2-4FA1-9E13-5DFCB29504AD}.Debug|x64.ActiveCfg = Debug|Any CPU
		{953383A2-2AE2-4FA1-9E13-5DFCB29504AD}.Debug|x86.ActiveCfg = Debug|Any CPU
		{953383A2-2AE2-4FA1-9E13-5DFCB29504AD}.Release|Any CPU.ActiveCfg = Release|Any CPU
		{953383A2-2AE2-4FA1-9E13-5DFCB29504AD}.Release|Any CPU.Build.0 = Release|Any CPU
		{953383A2-2AE2-4FA1-9E13-5DFCB29504AD}.Release|x64.ActiveCfg = Release|Any CPU
		{953383A2-2AE2-4FA1-9E13-5DFCB29504AD}.Release|x86.ActiveCfg = Release|Any CPU
		{E8572D8B-C987-4D20-BD88-1F8925A64A82}.Debug|Any CPU.ActiveCfg = Debug|Any CPU
		{E8572D8B-C987-4D20-BD88-1F8925A64A82}.Debug|Any CPU.Build.0 = Debug|Any CPU
		{E8572D8B-C987-4D20-BD88-1F8925A64A82}.Debug|x64.ActiveCfg = Debug|x64
		{E8572D8B-C987-4D20-BD88-1F8925A64A82}.Debug|x64.Build.0 = Debug|x64
		{E8572D8B-C987-4D20-BD88-1F8925A64A82}.Debug|x86.ActiveCfg = Debug|x86
		{E8572D8B-C987-4D20-BD88-1F8925A64A82}.Debug|x86.Build.0 = Debug|x86
		{E8572D8B-C987-4D20-BD88-1F8925A64A82}.Release|Any CPU.ActiveCfg = Release|Any CPU
		{E8572D8B-C987-4D20-BD88-1F8925A64A82}.Release|Any CPU.Build.0 = Release|Any CPU
		{E8572D8B-C987-4D20-BD88-1F8925A64A82}.Release|x64.ActiveCfg = Release|x64
		{E8572D8B-C987-4D20-BD88-1F8925A64A82}.Release|x64.Build.0 = Release|x64
		{E8572D8B-C987-4D20-BD88-1F8925A64A82}.Release|x86.ActiveCfg = Release|x86
		{E8572D8B-C987-4D20-BD88-1F8925A64A82}.Release|x86.Build.0 = Release|x86
		{E9F048C1-C6A0-4CCD-BE57-4E76A7F8B32D}.Debug|Any CPU.ActiveCfg = Debug|Any CPU
		{E9F048C1-C6A0-4CCD-BE57-4E76A7F8B32D}.Debug|Any CPU.Build.0 = Debug|Any CPU
		{E9F048C1-C6A0-4CCD-BE57-4E76A7F8B32D}.Debug|x64.ActiveCfg = Debug|x64
		{E9F048C1-C6A0-4CCD-BE57-4E76A7F8B32D}.Debug|x64.Build.0 = Debug|x64
		{E9F048C1-C6A0-4CCD-BE57-4E76A7F8B32D}.Debug|x86.ActiveCfg = Debug|x86
		{E9F048C1-C6A0-4CCD-BE57-4E76A7F8B32D}.Debug|x86.Build.0 = Debug|x86
		{E9F048C1-C6A0-4CCD-BE57-4E76A7F8B32D}.Release|Any CPU.ActiveCfg = Release|Any CPU
		{E9F048C1-C6A0-4CCD-BE57-4E76A7F8B32D}.Release|Any CPU.Build.0 = Release|Any CPU
		{E9F048C1-C6A0-4CCD-BE57-4E76A7F8B32D}.Release|x64.ActiveCfg = Release|x64
		{E9F048C1-C6A0-4CCD-BE57-4E76A7F8B32D}.Release|x64.Build.0 = Release|x64
		{E9F048C1-C6A0-4CCD-BE57-4E76A7F8B32D}.Release|x86.ActiveCfg = Release|x86
		{E9F048C1-C6A0-4CCD-BE57-4E76A7F8B32D}.Release|x86.Build.0 = Release|x86
		{F809DBB6-E0E8-47A8-92ED-C24575576A5D}.Debug|Any CPU.ActiveCfg = Debug|Any CPU
		{F809DBB6-E0E8-47A8-92ED-C24575576A5D}.Debug|Any CPU.Build.0 = Debug|Any CPU
		{F809DBB6-E0E8-47A8-92ED-C24575576A5D}.Debug|x64.ActiveCfg = Debug|x64
		{F809DBB6-E0E8-47A8-92ED-C24575576A5D}.Debug|x64.Build.0 = Debug|x64
		{F809DBB6-E0E8-47A8-92ED-C24575576A5D}.Debug|x86.ActiveCfg = Debug|x86
		{F809DBB6-E0E8-47A8-92ED-C24575576A5D}.Debug|x86.Build.0 = Debug|x86
		{F809DBB6-E0E8-47A8-92ED-C24575576A5D}.Release|Any CPU.ActiveCfg = Release|Any CPU
		{F809DBB6-E0E8-47A8-92ED-C24575576A5D}.Release|Any CPU.Build.0 = Release|Any CPU
		{F809DBB6-E0E8-47A8-92ED-C24575576A5D}.Release|x64.ActiveCfg = Release|x64
		{F809DBB6-E0E8-47A8-92ED-C24575576A5D}.Release|x64.Build.0 = Release|x64
		{F809DBB6-E0E8-47A8-92ED-C24575576A5D}.Release|x86.ActiveCfg = Release|x86
		{F809DBB6-E0E8-47A8-92ED-C24575576A5D}.Release|x86.Build.0 = Release|x86
	EndGlobalSection
	GlobalSection(SolutionProperties) = preSolution
		HideSolutionNode = FALSE
	EndGlobalSection
EndGlobal
